
Microsoft Visual Studio Solution File, Format Version 12.00
# Visual Studio Version 17
VisualStudioVersion = 17.3.32929.385
MinimumVisualStudioVersion = 10.0.40219.1
Project("{FAE04EC0-301F-11D3-BF4B-00C04F79EFBC}") = "Jupiter_ChessBOT", "Jupiter_ChessBOT\Jupiter_ChessBOT.csproj", "{74B2D67D-30CB-453E-AB27-67450A217732}"
EndProject
Global
	GlobalSection(SolutionConfigurationPlatforms) = preSolution
		Debug|Any CPU = Debug|Any CPU
		Release|Any CPU = Release|Any CPU
	EndGlobalSection
	GlobalSection(ProjectConfigurationPlatforms) = postSolution
		{74B2D67D-30CB-453E-AB27-67450A217732}.Debug|Any CPU.ActiveCfg = Debug|Any CPU
		{74B2D67D-30CB-453E-AB27-67450A217732}.Debug|Any CPU.Build.0 = Debug|Any CPU
		{74B2D67D-30CB-453E-AB27-67450A217732}.Release|Any CPU.ActiveCfg = Release|Any CPU
		{74B2D67D-30CB-453E-AB27-67450A217732}.Release|Any CPU.Build.0 = Release|Any CPU
	EndGlobalSection
	GlobalSection(SolutionProperties) = preSolution
		HideSolutionNode = FALSE
	EndGlobalSection
	GlobalSection(ExtensibilityGlobals) = postSolution
		SolutionGuid = {CDAD8FE7-F738-428A-B6C5-92A7D9ADFA11}
	EndGlobalSection
EndGlobal
